
Microsoft Visual Studio Solution File, Format Version 12.00
# Visual Studio 15
VisualStudioVersion = 15.0.28307.329
MinimumVisualStudioVersion = 10.0.40219.1
Project("{FAE04EC0-301F-11D3-BF4B-00C04F79EFBC}") = "BezoekersDashboard", "BezoekersDashboard\BezoekersDashboard.csproj", "{B4F0CA9B-71F1-4E11-ADDA-1F3377AE4F0D}"
EndProject
Global
	GlobalSection(SolutionConfigurationPlatforms) = preSolution
		Debug|Any CPU = Debug|Any CPU
		Release|Any CPU = Release|Any CPU
	EndGlobalSection
	GlobalSection(ProjectConfigurationPlatforms) = postSolution
		{B4F0CA9B-71F1-4E11-ADDA-1F3377AE4F0D}.Debug|Any CPU.ActiveCfg = Debug|Any CPU
		{B4F0CA9B-71F1-4E11-ADDA-1F3377AE4F0D}.Debug|Any CPU.Build.0 = Debug|Any CPU
		{B4F0CA9B-71F1-4E11-ADDA-1F3377AE4F0D}.Release|Any CPU.ActiveCfg = Release|Any CPU
		{B4F0CA9B-71F1-4E11-ADDA-1F3377AE4F0D}.Release|Any CPU.Build.0 = Release|Any CPU
	EndGlobalSection
	GlobalSection(SolutionProperties) = preSolution
		HideSolutionNode = FALSE
	EndGlobalSection
	GlobalSection(ExtensibilityGlobals) = postSolution
		SolutionGuid = {85EF0820-BE21-41FD-836F-0E4E7B3837D6}
	EndGlobalSection
EndGlobal
